
Microsoft Visual Studio Solution File, Format Version 12.00
# Visual Studio 15
VisualStudioVersion = 15.0.26730.12
MinimumVisualStudioVersion = 10.0.40219.1
Project("{9A19103F-16F7-4668-BE54-9A1E7A4F7556}") = "CoreMail", "CoreMail\CoreMail.csproj", "{222C5E3B-7702-4094-9B6A-32FAE2636940}"
EndProject
Project("{FAE04EC0-301F-11D3-BF4B-00C04F79EFBC}") = "LumiNet_45", "LumiNet_45\LumiNet_45.csproj", "{9250C1E1-A087-4F0C-BEDD-ED0780083F2E}"
EndProject
Project("{2150E333-8FDC-42A3-9474-1A3956D46DE8}") = "Lumisoft MailServer (.NET-Core 2.0)", "Lumisoft MailServer (.NET-Core 2.0)", "{6C7E2020-F906-4144-8AAE-252CB089EBA3}"
EndProject
Project("{2150E333-8FDC-42A3-9474-1A3956D46DE8}") = "Lumisoft MailServer (.NET 4.5 FULL)", "Lumisoft MailServer (.NET 4.5 FULL)", "{18008689-D969-41D1-8840-DD08F76CD706}"
EndProject
Project("{FAE04EC0-301F-11D3-BF4B-00C04F79EFBC}") = "ServerAPI", "ServerAPI\ServerAPI.csproj", "{6E7DCE55-B97C-4864-8F4F-71CF4E04DC39}"
EndProject
Project("{FAE04EC0-301F-11D3-BF4B-00C04F79EFBC}") = "lsMailServer", "lsMailServer\lsMailServer.csproj", "{4777B974-AC69-4A0C-A68E-8354889197B7}"
EndProject
Project("{9A19103F-16F7-4668-BE54-9A1E7A4F7556}") = "Luminet_NetStandard", "Luminet_NetStandard\Luminet_NetStandard.csproj", "{86EBF1A9-EA01-4BA0-8BB4-59DDD271E90C}"
EndProject
Project("{9A19103F-16F7-4668-BE54-9A1E7A4F7556}") = "BouncyCastle", "BouncyCastle\BouncyCastle.csproj", "{88198B70-9F75-44A1-AAF5-0F414D39408C}"
EndProject
Project("{9A19103F-16F7-4668-BE54-9A1E7A4F7556}") = "ServerApiStandard", "ServerApiStandard\ServerApiStandard.csproj", "{27934DA6-0A13-4A0C-A80B-2E41A589D828}"
EndProject
Project("{9A19103F-16F7-4668-BE54-9A1E7A4F7556}") = "BracketPipe", "BracketPipe\BracketPipe.csproj", "{3AEBA097-164C-4ADD-A73A-A86ECD179A0A}"
EndProject
Project("{9A19103F-16F7-4668-BE54-9A1E7A4F7556}") = "RtfPipe", "RtfPipe\RtfPipe.csproj", "{A480BF74-38B8-46DB-8220-005CFC7D95A1}"
EndProject
Project("{2150E333-8FDC-42A3-9474-1A3956D46DE8}") = "Rtf", "Rtf", "{2FBBC524-A0EC-44AF-A73C-723D6E3BB69C}"
EndProject
Project("{9A19103F-16F7-4668-BE54-9A1E7A4F7556}") = "Novell.Directory.Ldap", "Novell.Directory.Ldap\Novell.Directory.Ldap.csproj", "{25A1A72E-9D29-4411-9F9E-4CC89A73762C}"
EndProject
Project("{2150E333-8FDC-42A3-9474-1A3956D46DE8}") = "ExternalDepencencies", "ExternalDepencencies", "{F0072C34-BB6A-4CF5-9166-CB6C91C79CBA}"
EndProject
Project("{2150E333-8FDC-42A3-9474-1A3956D46DE8}") = "_orig", "_orig", "{DAC27CCC-10DE-447D-AF6F-F757D0AE3063}"
	ProjectSection(SolutionItems) = preProject
		LumiSoft.Net.zip = LumiSoft.Net.zip
		MailServer_devel.zip = MailServer_devel.zip
	EndProjectSection
EndProject
Project("{FAE04EC0-301F-11D3-BF4B-00C04F79EFBC}") = "MailServerManager", "MailServerManager\MailServerManager.csproj", "{C67FD59D-67FA-4694-8F1A-21D4D9D6BDA9}"
EndProject
Project("{FAE04EC0-301F-11D3-BF4B-00C04F79EFBC}") = "UserAPI", "UserAPI\UserAPI.csproj", "{52089F64-5487-4105-9D90-A9640878F3CE}"
EndProject
Project("{2150E333-8FDC-42A3-9474-1A3956D46DE8}") = "API", "API", "{3ED976CC-AD7C-4F8A-882B-685DAD56C7F4}"
EndProject
Project("{2150E333-8FDC-42A3-9474-1A3956D46DE8}") = "API", "API", "{18243F40-2AD2-4A11-AD6E-1D79772F36E7}"
EndProject
Project("{9A19103F-16F7-4668-BE54-9A1E7A4F7556}") = "UserAPI_NetStandard", "UserAPI_NetStandard\UserAPI_NetStandard.csproj", "{CCAA8474-E2A1-4B4B-BB88-C91464CCAD51}"
EndProject
Project("{FAE04EC0-301F-11D3-BF4B-00C04F79EFBC}") = "lsVirusFilter", "lsVirusFilter\lsVirusFilter.csproj", "{9E2D2DFD-6C2E-4B5A-88F6-37F3791B5269}"
EndProject
Project("{FAE04EC0-301F-11D3-BF4B-00C04F79EFBC}") = "lsDNSBL_Filter", "lsDNSBL_Filter\lsDNSBL_Filter.csproj", "{FE121B25-947B-4229-B98D-670DD9EE7ECA}"
EndProject
Project("{2150E333-8FDC-42A3-9474-1A3956D46DE8}") = "Filters", "Filters", "{2EF18346-F817-41F0-9913-EBFDDDE494FE}"
EndProject
Project("{FAE04EC0-301F-11D3-BF4B-00C04F79EFBC}") = "xml_API", "xml_API\xml_API.csproj", "{1CF8457D-C96D-4036-8F32-15EEFF6BFE0E}"
EndProject
Project("{9A19103F-16F7-4668-BE54-9A1E7A4F7556}") = "xml_API_NetStandard", "xml_API_NetStandard\xml_API_NetStandard.csproj", "{69113050-188E-404F-AEC8-9173E9673B0D}"
EndProject
Project("{9A19103F-16F7-4668-BE54-9A1E7A4F7556}") = "Mono.Data.Sqlite", "Mono.Data.Sqlite\Mono.Data.Sqlite.csproj", "{6010EC9E-3BE6-48AD-A265-2527FC1806BB}"
EndProject
Project("{9A19103F-16F7-4668-BE54-9A1E7A4F7556}") = "ImageSharp", "ImageSharp\ImageSharp.csproj", "{16A8D3CA-3929-453B-B57A-789A2D6485A4}"
EndProject
Project("{9A19103F-16F7-4668-BE54-9A1E7A4F7556}") = "SixLabors.Core", "SixLabors.Core\SixLabors.Core.csproj", "{8E53E0DF-7AEC-4B10-9D35-54F18D475782}"
EndProject
Project("{2150E333-8FDC-42A3-9474-1A3956D46DE8}") = "SixLabors.ImageSharp", "SixLabors.ImageSharp", "{D4C16C7F-FF3F-4DA4-926F-FDE9B5514303}"
EndProject
Global
	GlobalSection(SolutionConfigurationPlatforms) = preSolution
		Debug|Any CPU = Debug|Any CPU
		Release|Any CPU = Release|Any CPU
	EndGlobalSection
	GlobalSection(ProjectConfigurationPlatforms) = postSolution
		{222C5E3B-7702-4094-9B6A-32FAE2636940}.Debug|Any CPU.ActiveCfg = Debug|Any CPU
		{222C5E3B-7702-4094-9B6A-32FAE2636940}.Debug|Any CPU.Build.0 = Debug|Any CPU
		{222C5E3B-7702-4094-9B6A-32FAE2636940}.Release|Any CPU.ActiveCfg = Release|Any CPU
		{222C5E3B-7702-4094-9B6A-32FAE2636940}.Release|Any CPU.Build.0 = Release|Any CPU
		{9250C1E1-A087-4F0C-BEDD-ED0780083F2E}.Debug|Any CPU.ActiveCfg = Debug|Any CPU
		{9250C1E1-A087-4F0C-BEDD-ED0780083F2E}.Debug|Any CPU.Build.0 = Debug|Any CPU
		{9250C1E1-A087-4F0C-BEDD-ED0780083F2E}.Release|Any CPU.ActiveCfg = Release|Any CPU
		{9250C1E1-A087-4F0C-BEDD-ED0780083F2E}.Release|Any CPU.Build.0 = Release|Any CPU
		{6E7DCE55-B97C-4864-8F4F-71CF4E04DC39}.Debug|Any CPU.ActiveCfg = Debug|Any CPU
		{6E7DCE55-B97C-4864-8F4F-71CF4E04DC39}.Debug|Any CPU.Build.0 = Debug|Any CPU
		{6E7DCE55-B97C-4864-8F4F-71CF4E04DC39}.Release|Any CPU.ActiveCfg = Release|Any CPU
		{6E7DCE55-B97C-4864-8F4F-71CF4E04DC39}.Release|Any CPU.Build.0 = Release|Any CPU
		{4777B974-AC69-4A0C-A68E-8354889197B7}.Debug|Any CPU.ActiveCfg = Debug|Any CPU
		{4777B974-AC69-4A0C-A68E-8354889197B7}.Debug|Any CPU.Build.0 = Debug|Any CPU
		{4777B974-AC69-4A0C-A68E-8354889197B7}.Release|Any CPU.ActiveCfg = Release|Any CPU
		{4777B974-AC69-4A0C-A68E-8354889197B7}.Release|Any CPU.Build.0 = Release|Any CPU
		{86EBF1A9-EA01-4BA0-8BB4-59DDD271E90C}.Debug|Any CPU.ActiveCfg = Debug|Any CPU
		{86EBF1A9-EA01-4BA0-8BB4-59DDD271E90C}.Debug|Any CPU.Build.0 = Debug|Any CPU
		{86EBF1A9-EA01-4BA0-8BB4-59DDD271E90C}.Release|Any CPU.ActiveCfg = Release|Any CPU
		{86EBF1A9-EA01-4BA0-8BB4-59DDD271E90C}.Release|Any CPU.Build.0 = Release|Any CPU
		{88198B70-9F75-44A1-AAF5-0F414D39408C}.Debug|Any CPU.ActiveCfg = Debug|Any CPU
		{88198B70-9F75-44A1-AAF5-0F414D39408C}.Debug|Any CPU.Build.0 = Debug|Any CPU
		{88198B70-9F75-44A1-AAF5-0F414D39408C}.Release|Any CPU.ActiveCfg = Release|Any CPU
		{88198B70-9F75-44A1-AAF5-0F414D39408C}.Release|Any CPU.Build.0 = Release|Any CPU
		{27934DA6-0A13-4A0C-A80B-2E41A589D828}.Debug|Any CPU.ActiveCfg = Debug|Any CPU
		{27934DA6-0A13-4A0C-A80B-2E41A589D828}.Debug|Any CPU.Build.0 = Debug|Any CPU
		{27934DA6-0A13-4A0C-A80B-2E41A589D828}.Release|Any CPU.ActiveCfg = Release|Any CPU
		{27934DA6-0A13-4A0C-A80B-2E41A589D828}.Release|Any CPU.Build.0 = Release|Any CPU
		{3AEBA097-164C-4ADD-A73A-A86ECD179A0A}.Debug|Any CPU.ActiveCfg = Debug|Any CPU
		{3AEBA097-164C-4ADD-A73A-A86ECD179A0A}.Debug|Any CPU.Build.0 = Debug|Any CPU
		{3AEBA097-164C-4ADD-A73A-A86ECD179A0A}.Release|Any CPU.ActiveCfg = Release|Any CPU
		{3AEBA097-164C-4ADD-A73A-A86ECD179A0A}.Release|Any CPU.Build.0 = Release|Any CPU
		{A480BF74-38B8-46DB-8220-005CFC7D95A1}.Debug|Any CPU.ActiveCfg = Debug|Any CPU
		{A480BF74-38B8-46DB-8220-005CFC7D95A1}.Debug|Any CPU.Build.0 = Debug|Any CPU
		{A480BF74-38B8-46DB-8220-005CFC7D95A1}.Release|Any CPU.ActiveCfg = Release|Any CPU
		{A480BF74-38B8-46DB-8220-005CFC7D95A1}.Release|Any CPU.Build.0 = Release|Any CPU
		{25A1A72E-9D29-4411-9F9E-4CC89A73762C}.Debug|Any CPU.ActiveCfg = Debug|Any CPU
		{25A1A72E-9D29-4411-9F9E-4CC89A73762C}.Debug|Any CPU.Build.0 = Debug|Any CPU
		{25A1A72E-9D29-4411-9F9E-4CC89A73762C}.Release|Any CPU.ActiveCfg = Release|Any CPU
		{25A1A72E-9D29-4411-9F9E-4CC89A73762C}.Release|Any CPU.Build.0 = Release|Any CPU
		{C67FD59D-67FA-4694-8F1A-21D4D9D6BDA9}.Debug|Any CPU.ActiveCfg = Debug|Any CPU
		{C67FD59D-67FA-4694-8F1A-21D4D9D6BDA9}.Debug|Any CPU.Build.0 = Debug|Any CPU
		{C67FD59D-67FA-4694-8F1A-21D4D9D6BDA9}.Release|Any CPU.ActiveCfg = Release|Any CPU
		{C67FD59D-67FA-4694-8F1A-21D4D9D6BDA9}.Release|Any CPU.Build.0 = Release|Any CPU
		{52089F64-5487-4105-9D90-A9640878F3CE}.Debug|Any CPU.ActiveCfg = Debug|Any CPU
		{52089F64-5487-4105-9D90-A9640878F3CE}.Debug|Any CPU.Build.0 = Debug|Any CPU
		{52089F64-5487-4105-9D90-A9640878F3CE}.Release|Any CPU.ActiveCfg = Release|Any CPU
		{52089F64-5487-4105-9D90-A9640878F3CE}.Release|Any CPU.Build.0 = Release|Any CPU
		{CCAA8474-E2A1-4B4B-BB88-C91464CCAD51}.Debug|Any CPU.ActiveCfg = Debug|Any CPU
		{CCAA8474-E2A1-4B4B-BB88-C91464CCAD51}.Debug|Any CPU.Build.0 = Debug|Any CPU
		{CCAA8474-E2A1-4B4B-BB88-C91464CCAD51}.Release|Any CPU.ActiveCfg = Release|Any CPU
		{CCAA8474-E2A1-4B4B-BB88-C91464CCAD51}.Release|Any CPU.Build.0 = Release|Any CPU
		{9E2D2DFD-6C2E-4B5A-88F6-37F3791B5269}.Debug|Any CPU.ActiveCfg = Debug|Any CPU
		{9E2D2DFD-6C2E-4B5A-88F6-37F3791B5269}.Debug|Any CPU.Build.0 = Debug|Any CPU
		{9E2D2DFD-6C2E-4B5A-88F6-37F3791B5269}.Release|Any CPU.ActiveCfg = Release|Any CPU
		{9E2D2DFD-6C2E-4B5A-88F6-37F3791B5269}.Release|Any CPU.Build.0 = Release|Any CPU
		{FE121B25-947B-4229-B98D-670DD9EE7ECA}.Debug|Any CPU.ActiveCfg = Debug|Any CPU
		{FE121B25-947B-4229-B98D-670DD9EE7ECA}.Debug|Any CPU.Build.0 = Debug|Any CPU
		{FE121B25-947B-4229-B98D-670DD9EE7ECA}.Release|Any CPU.ActiveCfg = Release|Any CPU
		{FE121B25-947B-4229-B98D-670DD9EE7ECA}.Release|Any CPU.Build.0 = Release|Any CPU
		{1CF8457D-C96D-4036-8F32-15EEFF6BFE0E}.Debug|Any CPU.ActiveCfg = Debug|Any CPU
		{1CF8457D-C96D-4036-8F32-15EEFF6BFE0E}.Debug|Any CPU.Build.0 = Debug|Any CPU
		{1CF8457D-C96D-4036-8F32-15EEFF6BFE0E}.Release|Any CPU.ActiveCfg = Release|Any CPU
		{1CF8457D-C96D-4036-8F32-15EEFF6BFE0E}.Release|Any CPU.Build.0 = Release|Any CPU
		{69113050-188E-404F-AEC8-9173E9673B0D}.Debug|Any CPU.ActiveCfg = Debug|Any CPU
		{69113050-188E-404F-AEC8-9173E9673B0D}.Debug|Any CPU.Build.0 = Debug|Any CPU
		{69113050-188E-404F-AEC8-9173E9673B0D}.Release|Any CPU.ActiveCfg = Release|Any CPU
		{69113050-188E-404F-AEC8-9173E9673B0D}.Release|Any CPU.Build.0 = Release|Any CPU
		{6010EC9E-3BE6-48AD-A265-2527FC1806BB}.Debug|Any CPU.ActiveCfg = Debug|Any CPU
		{6010EC9E-3BE6-48AD-A265-2527FC1806BB}.Debug|Any CPU.Build.0 = Debug|Any CPU
		{6010EC9E-3BE6-48AD-A265-2527FC1806BB}.Release|Any CPU.ActiveCfg = Release|Any CPU
		{6010EC9E-3BE6-48AD-A265-2527FC1806BB}.Release|Any CPU.Build.0 = Release|Any CPU
		{16A8D3CA-3929-453B-B57A-789A2D6485A4}.Debug|Any CPU.ActiveCfg = Debug|Any CPU
		{16A8D3CA-3929-453B-B57A-789A2D6485A4}.Debug|Any CPU.Build.0 = Debug|Any CPU
		{16A8D3CA-3929-453B-B57A-789A2D6485A4}.Release|Any CPU.ActiveCfg = Release|Any CPU
		{16A8D3CA-3929-453B-B57A-789A2D6485A4}.Release|Any CPU.Build.0 = Release|Any CPU
		{8E53E0DF-7AEC-4B10-9D35-54F18D475782}.Debug|Any CPU.ActiveCfg = Debug|Any CPU
		{8E53E0DF-7AEC-4B10-9D35-54F18D475782}.Debug|Any CPU.Build.0 = Debug|Any CPU
		{8E53E0DF-7AEC-4B10-9D35-54F18D475782}.Release|Any CPU.ActiveCfg = Release|Any CPU
		{8E53E0DF-7AEC-4B10-9D35-54F18D475782}.Release|Any CPU.Build.0 = Release|Any CPU
	EndGlobalSection
	GlobalSection(SolutionProperties) = preSolution
		HideSolutionNode = FALSE
	EndGlobalSection
	GlobalSection(NestedProjects) = preSolution
		{222C5E3B-7702-4094-9B6A-32FAE2636940} = {6C7E2020-F906-4144-8AAE-252CB089EBA3}
		{9250C1E1-A087-4F0C-BEDD-ED0780083F2E} = {18008689-D969-41D1-8840-DD08F76CD706}
		{6E7DCE55-B97C-4864-8F4F-71CF4E04DC39} = {3ED976CC-AD7C-4F8A-882B-685DAD56C7F4}
		{4777B974-AC69-4A0C-A68E-8354889197B7} = {18008689-D969-41D1-8840-DD08F76CD706}
		{86EBF1A9-EA01-4BA0-8BB4-59DDD271E90C} = {6C7E2020-F906-4144-8AAE-252CB089EBA3}
		{88198B70-9F75-44A1-AAF5-0F414D39408C} = {F0072C34-BB6A-4CF5-9166-CB6C91C79CBA}
		{27934DA6-0A13-4A0C-A80B-2E41A589D828} = {18243F40-2AD2-4A11-AD6E-1D79772F36E7}
		{3AEBA097-164C-4ADD-A73A-A86ECD179A0A} = {2FBBC524-A0EC-44AF-A73C-723D6E3BB69C}
		{A480BF74-38B8-46DB-8220-005CFC7D95A1} = {2FBBC524-A0EC-44AF-A73C-723D6E3BB69C}
		{2FBBC524-A0EC-44AF-A73C-723D6E3BB69C} = {F0072C34-BB6A-4CF5-9166-CB6C91C79CBA}
		{25A1A72E-9D29-4411-9F9E-4CC89A73762C} = {F0072C34-BB6A-4CF5-9166-CB6C91C79CBA}
		{F0072C34-BB6A-4CF5-9166-CB6C91C79CBA} = {6C7E2020-F906-4144-8AAE-252CB089EBA3}
		{DAC27CCC-10DE-447D-AF6F-F757D0AE3063} = {18008689-D969-41D1-8840-DD08F76CD706}
		{C67FD59D-67FA-4694-8F1A-21D4D9D6BDA9} = {18008689-D969-41D1-8840-DD08F76CD706}
		{52089F64-5487-4105-9D90-A9640878F3CE} = {3ED976CC-AD7C-4F8A-882B-685DAD56C7F4}
		{3ED976CC-AD7C-4F8A-882B-685DAD56C7F4} = {18008689-D969-41D1-8840-DD08F76CD706}
		{18243F40-2AD2-4A11-AD6E-1D79772F36E7} = {6C7E2020-F906-4144-8AAE-252CB089EBA3}
		{CCAA8474-E2A1-4B4B-BB88-C91464CCAD51} = {18243F40-2AD2-4A11-AD6E-1D79772F36E7}
		{9E2D2DFD-6C2E-4B5A-88F6-37F3791B5269} = {2EF18346-F817-41F0-9913-EBFDDDE494FE}
		{FE121B25-947B-4229-B98D-670DD9EE7ECA} = {2EF18346-F817-41F0-9913-EBFDDDE494FE}
		{2EF18346-F817-41F0-9913-EBFDDDE494FE} = {18008689-D969-41D1-8840-DD08F76CD706}
		{1CF8457D-C96D-4036-8F32-15EEFF6BFE0E} = {3ED976CC-AD7C-4F8A-882B-685DAD56C7F4}
		{69113050-188E-404F-AEC8-9173E9673B0D} = {18243F40-2AD2-4A11-AD6E-1D79772F36E7}
		{6010EC9E-3BE6-48AD-A265-2527FC1806BB} = {F0072C34-BB6A-4CF5-9166-CB6C91C79CBA}
		{16A8D3CA-3929-453B-B57A-789A2D6485A4} = {D4C16C7F-FF3F-4DA4-926F-FDE9B5514303}
		{8E53E0DF-7AEC-4B10-9D35-54F18D475782} = {D4C16C7F-FF3F-4DA4-926F-FDE9B5514303}
		{D4C16C7F-FF3F-4DA4-926F-FDE9B5514303} = {F0072C34-BB6A-4CF5-9166-CB6C91C79CBA}
	EndGlobalSection
	GlobalSection(ExtensibilityGlobals) = postSolution
		SolutionGuid = {D000D1BD-6CE9-459F-8ED8-7BBC4CA21130}
	EndGlobalSection
EndGlobal
